
Microsoft Visual Studio Solution File, Format Version 12.00
# Visual Studio Version 17
VisualStudioVersion = 17.0.31903.59
MinimumVisualStudioVersion = 10.0.40219.1
Project("{FAE04EC0-301F-11D3-BF4B-00C04F79EFBC}") = "MiddleMapScaleData", "MiddleMapScaleData\MiddleMapScaleData.csproj", "{6F454F5D-9CE5-408D-A520-7D2E7B706746}"
EndProject
Global
	GlobalSection(SolutionConfigurationPlatforms) = preSolution
		Debug|Any CPU = Debug|Any CPU
		Release|Any CPU = Release|Any CPU
	EndGlobalSection
	GlobalSection(ProjectConfigurationPlatforms) = postSolution
		{6F454F5D-9CE5-408D-A520-7D2E7B706746}.Debug|Any CPU.ActiveCfg = Debug|Any CPU
		{6F454F5D-9CE5-408D-A520-7D2E7B706746}.Debug|Any CPU.Build.0 = Debug|Any CPU
		{6F454F5D-9CE5-408D-A520-7D2E7B706746}.Release|Any CPU.ActiveCfg = Release|Any CPU
		{6F454F5D-9CE5-408D-A520-7D2E7B706746}.Release|Any CPU.Build.0 = Release|Any CPU
	EndGlobalSection
	GlobalSection(SolutionProperties) = preSolution
		HideSolutionNode = FALSE
	EndGlobalSection
	GlobalSection(ExtensibilityGlobals) = postSolution
		SolutionGuid = {203CE150-B488-4EE1-9AF2-E99B44E15355}
	EndGlobalSection
EndGlobal
